{
  "name": "draanks",
  "version": "1.0.0",
  "lockfileVersion": 1,
  "requires": true,
  "dependencies": {
    "@angular/common": {
      "version": "4.2.5",
      "resolved": "https://registry.npmjs.org/@angular/common/-/common-4.2.5.tgz",
      "integrity": "sha1-TVCpW0RM1Yz3BvDandFAfTuDNi4=",
      "requires": {
        "tslib": "^1.7.1"
      }
    },
    "@angular/compiler": {
      "version": "4.2.5",
      "resolved": "https://registry.npmjs.org/@angular/compiler/-/compiler-4.2.5.tgz",
      "integrity": "sha1-tIZ0x0VrKw3xBy1w5OZnr4bN34M=",
      "requires": {
        "tslib": "^1.7.1"
      }
    },
    "@angular/core": {
      "version": "4.2.5",
      "resolved": "https://registry.npmjs.org/@angular/core/-/core-4.2.5.tgz",
      "integrity": "sha1-YcG1iFwmIzLXN/vg9dcRUXWahGQ=",
      "requires": {
        "tslib": "^1.7.1"
      }
    },
    "angular": {
      "version": "1.7.9",
      "resolved": "https://registry.npmjs.org/angular/-/angular-1.7.9.tgz",
      "integrity": "sha512-5se7ZpcOtu0MBFlzGv5dsM1quQDoDeUTwZrWjGtTNA7O88cD8TEk5IEKCTDa3uECV9XnvKREVUr7du1ACiWGFQ=="
    },
    "angular-animate": {
      "version": "1.6.4",
      "resolved": "https://registry.npmjs.org/angular-animate/-/angular-animate-1.6.4.tgz",
      "integrity": "sha1-0+uQbTmDTy373Zgua416O02QAdI="
    },
    "angular-drag-and-drop-lists": {
      "version": "2.1.0",
      "resolved": "https://registry.npmjs.org/angular-drag-and-drop-lists/-/angular-drag-and-drop-lists-2.1.0.tgz",
      "integrity": "sha1-2hDMhcgEJR+6qoTYN/c4D7DNeA8="
    },
    "angular-location-update": {
      "version": "0.0.2",
      "resolved": "https://registry.npmjs.org/angular-location-update/-/angular-location-update-0.0.2.tgz",
      "integrity": "sha1-ldncB4OA7nVAx1SPqUy/JZNQTZE="
    },
    "angular-messages": {
      "version": "1.6.5",
      "resolved": "https://registry.npmjs.org/angular-messages/-/angular-messages-1.6.5.tgz",
      "integrity": "sha1-zIEnxI38R+af7dCw6t1al9GJg6g="
    },
    "angular-route": {
      "version": "1.6.4",
      "resolved": "https://registry.npmjs.org/angular-route/-/angular-route-1.6.4.tgz",
      "integrity": "sha1-e7IW/Np0ahuMRSBUsFkApwdOzGI="
    },
    "angular-touch": {
      "version": "1.6.4",
      "resolved": "https://registry.npmjs.org/angular-touch/-/angular-touch-1.6.4.tgz",
      "integrity": "sha1-AnUPzPd8oO2Umm0TISY6uw+GsiM="
    },
    "angular-ui-grid": {
      "version": "4.0.6",
      "resolved": "https://registry.npmjs.org/angular-ui-grid/-/angular-ui-grid-4.0.6.tgz",
      "integrity": "sha1-XqqmfyPPBj2ZshjsWK5cFRYQBc4=",
      "requires": {
        "angular": ">=1.4.0 1.5.x"
      },
      "dependencies": {
        "angular": {
          "version": "1.5.11",
          "resolved": "https://registry.npmjs.org/angular/-/angular-1.5.11.tgz",
          "integrity": "sha1-jFunOG8VllyazzQp9ogVU6raMNY="
        }
      }
    },
    "angularjs-toaster": {
      "version": "2.1.0",
      "resolved": "https://registry.npmjs.org/angularjs-toaster/-/angularjs-toaster-2.1.0.tgz",
      "integrity": "sha1-Y/Ver+3f5Lcn4Uf08oQ3Iqhylfw="
    },
    "bootstrap": {
      "version": "3.3.7",
      "resolved": "https://registry.npmjs.org/bootstrap/-/bootstrap-3.3.7.tgz",
      "integrity": "sha1-WjiTlFSfIzMIdaOxUGVldPip63E="
    },
    "fractional": {
      "version": "1.0.0",
      "resolved": "https://registry.npmjs.org/fractional/-/fractional-1.0.0.tgz",
      "integrity": "sha1-2rFnovn4BM+QOL3fR6qbp/IH6rw="
    },
    "html-form-send-email-via-google-script-without-server": {
      "version": "2.0.0",
      "resolved": "https://registry.npmjs.org/html-form-send-email-via-google-script-without-server/-/html-form-send-email-via-google-script-without-server-2.0.0.tgz",
      "integrity": "sha1-XsRjR1MoaIGkureA7DhwkucgtNY="
    },
    "jquery": {
      "version": "3.2.1",
      "resolved": "https://registry.npmjs.org/jquery/-/jquery-3.2.1.tgz",
      "integrity": "sha1-XE2d5lKvbNCncBVKYxu6ErAVx4c="
    },
    "lodash": {
      "version": "4.17.13",
      "resolved": "https://registry.npmjs.org/lodash/-/lodash-4.17.13.tgz",
      "integrity": "sha512-vm3/XWXfWtRua0FkUyEHBZy8kCPjErNBT9fJx8Zvs+U6zjqPbTUOpkaoum3O5uiA8sm+yNMHXfYkTUHFoMxFNA=="
    },
    "rxjs": {
      "version": "5.4.1",
      "resolved": "https://registry.npmjs.org/rxjs/-/rxjs-5.4.1.tgz",
      "integrity": "sha1-ti91fyeURdJloYpY+wpw3JDpFiY=",
      "requires": {
        "symbol-observable": "^1.0.1"
      }
    },
    "symbol-observable": {
      "version": "1.0.4",
      "resolved": "https://registry.npmjs.org/symbol-observable/-/symbol-observable-1.0.4.tgz",
      "integrity": "sha1-Kb9hXUqnEhvdiYsi1LP5vE4qoD0="
    },
    "tslib": {
      "version": "1.7.1",
      "resolved": "https://registry.npmjs.org/tslib/-/tslib-1.7.1.tgz",
      "integrity": "sha1-vIAEFkaRkjp5/oN4u+s9ogF1OOw="
    }
  }
}
